
Microsoft Visual Studio Solution File, Format Version 12.00
# Visual Studio 15
VisualStudioVersion = 15.0.27428.2015
MinimumVisualStudioVersion = 10.0.40219.1
Project("{FAE04EC0-301F-11D3-BF4B-00C04F79EFBC}") = "MvcMovie", "MvcMovie\MvcMovie.csproj", "{BB4A327D-8BFE-4A46-ABCD-260D71E60C8D}"
EndProject
Global
	GlobalSection(SolutionConfigurationPlatforms) = preSolution
		Debug|Any CPU = Debug|Any CPU
		Release|Any CPU = Release|Any CPU
	EndGlobalSection
	GlobalSection(ProjectConfigurationPlatforms) = postSolution
		{BB4A327D-8BFE-4A46-ABCD-260D71E60C8D}.Debug|Any CPU.ActiveCfg = Debug|Any CPU
		{BB4A327D-8BFE-4A46-ABCD-260D71E60C8D}.Debug|Any CPU.Build.0 = Debug|Any CPU
		{BB4A327D-8BFE-4A46-ABCD-260D71E60C8D}.Release|Any CPU.ActiveCfg = Release|Any CPU
		{BB4A327D-8BFE-4A46-ABCD-260D71E60C8D}.Release|Any CPU.Build.0 = Release|Any CPU
	EndGlobalSection
	GlobalSection(SolutionProperties) = preSolution
		HideSolutionNode = FALSE
	EndGlobalSection
	GlobalSection(ExtensibilityGlobals) = postSolution
		SolutionGuid = {574741FA-3A36-4AEE-86F0-A455BB8DBD07}
	EndGlobalSection
EndGlobal
